{
  "version": "5",
  "specifiers": {
    "jsr:@hono/hono@^4.13.3": "4.13.3",
    "npm:@awesome.me/webawesome@^3.12.0": "3.12.0_@floating-ui+utils@0.2.12_@types+react@19.2.18",
    "npm:@types/webscreens-window-placement@*": "0.1.3",
    "npm:@types/webscreens-window-placement@~0.1.3": "0.1.3",
    "npm:quill@^2.0.3": "2.0.3"
  },
  "jsr": {
    "@hono/hono@4.13.3": {
      "integrity": "2d277e78219ea145202359af5296cfa136eba5e75ffb08fda6fbd54d72032b4f"
    }
  },
  "npm": {
    "@awesome.me/webawesome@3.12.0_@floating-ui+utils@0.2.12_@types+react@19.2.18": {
      "integrity": "sha512-cO/vSvlyZqiki1upynxpk9q2N48U2+nflIj40OtCKYOs6ZXa4zXhW6+asXKOfeNw1AnD4nzsSIdZSt/Ti9QONA==",
      "dependencies": [
        "@ctrl/tinycolor",
        "@floating-ui/dom",
        "@konnorr/qr-creator",
        "@lit-labs/ssr",
        "@lit-labs/ssr-client",
        "@lit/context",
        "@lit/react",
        "@shoelace-style/animations",
        "@shoelace-style/localize",
        "composed-offset-position",
        "lit",
        "marked",
        "nanoid"
      ]
    },
    "@ctrl/tinycolor@4.1.0": {
      "integrity": "sha512-WyOx8cJQ+FQus4Mm4uPIZA64gbk3Wxh0so5Lcii0aJifqwoVOlfFtorjLE0Hen4OYyHZMXDWqMmaQemBhgxFRQ=="
    },
    "@floating-ui/core@1.8.0": {
      "integrity": "sha512-0CIZ5itps/8x7BG8dEIhs53BvCUH2PCoogtakwRTut+Arm58sJooJ0AuZhLw2HJYIR5cMLNPBSS728sPho2khQ==",
      "dependencies": [
        "@floating-ui/utils"
      ]
    },
    "@floating-ui/dom@1.8.0": {
      "integrity": "sha512-yXSrzeHZBTZadLOlfyhCkJHNeLJnHRnRInwdZ40L7ZiaAtrBwoYlsDrX3v5zB1Utk7CLfzcOVnVVWoXEky7Ceg==",
      "dependencies": [
        "@floating-ui/core",
        "@floating-ui/utils"
      ]
    },
    "@floating-ui/utils@0.2.12": {
      "integrity": "sha512-HpCo8tmWzLVad5s2d19EhAz5zqrrQ6s69qd6moPMQvkOuSwDT1YgRfWSVuc4ennqrgv3OHppiOGMQ7oC13yIww=="
    },
    "@konnorr/qr-creator@1.1.0": {
      "integrity": "sha512-6Ae3AfG45MOqF9Qde+1YxIxKf/GUsRmcriV7iCb/HaR+Mk1YDFYP3RINDRMI8z8YMWW3BnSthOujX9RoOex/Kw=="
    },
    "@lit-labs/ssr-client@1.1.8": {
      "integrity": "sha512-PjGh81oKsoI64m3IDjTqqjhC7dr2uC/o0jrllUb5gRAyp/RlAHxapgJrjq9kWz97faCHLQ8jUlTi6tGm+8fgyA==",
      "dependencies": [
        "@lit/reactive-element",
        "lit",
        "lit-html"
      ]
    },
    "@lit-labs/ssr-dom-shim@1.6.0": {
      "integrity": "sha512-VHb0ALPMTlgKjM6yIxxoQNnpKyUKLD04VzeQdsiXkMqkvYlAHxq9glGLmgbb889/1GsohSOAjvQYoiBppXFqrQ=="
    },
    "@lit-labs/ssr@4.1.0": {
      "integrity": "sha512-m0zymVVlHB1ddJQ1lastsV8ROW3whFOiHJhVPQWd04MnGTkTlUUVLQctux1QlyD9BtLXNN6iASxv388vhgKMFg==",
      "dependencies": [
        "@lit-labs/ssr-client",
        "@lit-labs/ssr-dom-shim",
        "@lit/reactive-element",
        "@parse5/tools",
        "enhanced-resolve",
        "lit",
        "lit-element",
        "lit-html",
        "node-fetch",
        "parse5"
      ]
    },
    "@lit/context@1.1.6": {
      "integrity": "sha512-M26qDE6UkQbZA2mQ3RjJ3Gzd8TxP+/0obMgE5HfkfLhEEyYE3Bui4A5XHiGPjy0MUGAyxB3QgVuw2ciS0kHn6A==",
      "dependencies": [
        "@lit/reactive-element"
      ]
    },
    "@lit/react@1.0.8_@types+react@19.2.18": {
      "integrity": "sha512-p2+YcF+JE67SRX3mMlJ1TKCSTsgyOVdAwd/nxp3NuV1+Cb6MWALbN6nT7Ld4tpmYofcE5kcaSY1YBB9erY+6fw==",
      "dependencies": [
        "@types/react"
      ]
    },
    "@lit/reactive-element@2.1.2": {
      "integrity": "sha512-pbCDiVMnne1lYUIaYNN5wrwQXDtHaYtg7YEFPeW+hws6U47WeFvISGUWekPGKWOP1ygrs0ef0o1VJMk1exos5A==",
      "dependencies": [
        "@lit-labs/ssr-dom-shim"
      ]
    },
    "@parse5/tools@0.3.0": {
      "integrity": "sha512-zxRyTHkqb7WQMV8kTNBKWb1BeOFUKXBXTBWuxg9H9hfvQB3IwP6Iw2U75Ia5eyRxPNltmY7E8YAlz6zWwUnjKg==",
      "dependencies": [
        "parse5"
      ]
    },
    "@shoelace-style/animations@1.2.0": {
      "integrity": "sha512-avvo1xxkLbv2dgtabdewBbqcJfV0e0zCwFqkPMnHFGbJbBHorRFfMAHh1NG9ymmXn0jW95ibUVH03E1NYXD6Gw=="
    },
    "@shoelace-style/localize@3.2.3": {
      "integrity": "sha512-pWoZywizMilenLfQcpE9bjaqi7WKiQXJB42cxvmSPwYS76U776wJ7B5QQ0P28yVit1vpHuFZzq1CtfVFv32jaQ=="
    },
    "@types/react@19.2.18": {
      "integrity": "sha512-AnzbBERsrLKtk2XSfTbYRLjQPdy116Sty4q+T+Bp3IC4l6jNBvreVPAHmpq9qhXQM7CXZPjLVmGMw9sy+hxQ3w==",
      "dependencies": [
        "csstype"
      ]
    },
    "@types/trusted-types@2.0.7": {
      "integrity": "sha512-ScaPdn1dQczgbl0QFTeTOmVHFULt394XJgOQNoyVhZ6r2vLnMLJfBPd53SB52T/3G36VI1/g2MZaX0cwDuXsfw=="
    },
    "@types/webscreens-window-placement@0.1.3": {
      "integrity": "sha512-OunHLGJkmAuNlvd7PrRbQy/VleLyxxP3NKwuUo9OS412vO/tzKGwW2K3FqvnM1yebTkCM0W+gszr08m9oDz0lg=="
    },
    "composed-offset-position@0.0.6_@floating-ui+utils@0.2.12": {
      "integrity": "sha512-Q7dLompI6lUwd7LWyIcP66r4WcS9u7AL2h8HaeipiRfCRPLMWqRx8fYsjb4OHi6UQFifO7XtNC2IlEJ1ozIFxw==",
      "dependencies": [
        "@floating-ui/utils"
      ]
    },
    "csstype@3.2.3": {
      "integrity": "sha512-z1HGKcYy2xA8AGQfwrn0PAy+PB7X/GSj3UVJW9qKyn43xWa+gl5nXmU4qqLMRzWVLFC8KusUX8T/0kCiOYpAIQ=="
    },
    "data-uri-to-buffer@4.0.1": {
      "integrity": "sha512-0R9ikRb668HB7QDxT1vkpuUBtqc53YyAwMwGeUFKRojY/NWKvdZ+9UYtRfGmhqNbRkTSVpMbmyhXipFFv2cb/A=="
    },
    "enhanced-resolve@5.24.5": {
      "integrity": "sha512-L1l8TNvomm6UVW5B253AGxQagSQr+vGwhMlrrfRS2qmhx46AMpMVJKQYLvWYbysTMY8VoicOvzHzoHMbyzB+4A==",
      "dependencies": [
        "graceful-fs",
        "tapable"
      ]
    },
    "entities@6.0.1": {
      "integrity": "sha512-aN97NXWF6AWBTahfVOIrB/NShkzi5H7F9r1s9mD3cDj4Ko5f2qhhVoYMibXF7GlLveb/D2ioWay8lxI97Ven3g=="
    },
    "eventemitter3@5.0.1": {
      "integrity": "sha512-GWkBvjiSZK87ELrYOSESUYeVIc9mvLLf/nXalMOS5dYrgZq9o5OVkbZAVM06CVxYsCwH9BDZFPlQTlPA1j4ahA=="
    },
    "fast-diff@1.3.0": {
      "integrity": "sha512-VxPP4NqbUjj6MaAOafWeUn2cXWLcCtljklUtZf0Ind4XQ+QPtmA0b18zZy0jIQx+ExRVCR/ZQpBmik5lXshNsw=="
    },
    "fetch-blob@3.2.0": {
      "integrity": "sha512-7yAQpD2UMJzLi1Dqv7qFYnPbaPx7ZfFK6PiIxQ4PfkGPyNyl2Ugx+a/umUonmKqjhM4DnfbMvdX6otXq83soQQ==",
      "dependencies": [
        "node-domexception",
        "web-streams-polyfill"
      ]
    },
    "formdata-polyfill@4.0.10": {
      "integrity": "sha512-buewHzMvYL29jdeQTVILecSaZKnt/RJWjoZCF5OW60Z67/GmSLBkOFM7qh1PI3zFNtJbaZL5eQu1vLfazOwj4g==",
      "dependencies": [
        "fetch-blob"
      ]
    },
    "graceful-fs@4.2.11": {
      "integrity": "sha512-RbJ5/jmFcNNCcDV5o9eTnBLJ/HszWV0P73bc+Ff4nS/rJj+YaS6IGyiOL0VoBYX+l1Wrl3k63h/KrH+nhJ0XvQ=="
    },
    "lit-element@4.2.2": {
      "integrity": "sha512-aFKhNToWxoyhkNDmWZwEva2SlQia+jfG0fjIWV//YeTaWrVnOxD89dPKfigCUspXFmjzOEUQpOkejH5Ly6sG0w==",
      "dependencies": [
        "@lit-labs/ssr-dom-shim",
        "@lit/reactive-element",
        "lit-html"
      ]
    },
    "lit-html@3.3.3": {
      "integrity": "sha512-el8M6jK2o3RXBnrSHX3ZKrsN8zEV63pSExTO1wYJz7QndGYZ8353e2a5PPX+qHe2aGayfnchQmkAojaWAREOIA==",
      "dependencies": [
        "@types/trusted-types"
      ]
    },
    "lit@3.3.3": {
      "integrity": "sha512-fycuvZg/hkpozL00lm1pEJH5nN/lr9ZXd6mJI2HSN4+Bzc+LDNdEApJ6HFbPkdFNHLvOplIIuJvxkS4XUxqirw==",
      "dependencies": [
        "@lit/reactive-element",
        "lit-element",
        "lit-html"
      ]
    },
    "lodash-es@4.17.21": {
      "integrity": "sha512-mKnC+QJ9pWVzv+C4/U3rRsHapFfHvQFoFB92e52xeyGMcX6/OlIl78je1u8vePzYZSkkogMPJ2yjxxsb89cxyw=="
    },
    "lodash.clonedeep@4.5.0": {
      "integrity": "sha512-H5ZhCF25riFd9uB5UCkVKo61m3S/xZk1x4wA6yp/L3RFP6Z/eHH1ymQcGLo7J3GMPfm0V/7m1tryHuGVxpqEBQ=="
    },
    "lodash.isequal@4.5.0": {
      "integrity": "sha512-pDo3lu8Jhfjqls6GkMgpahsF9kCyayhgykjyLMNFTKWrpVdAQtYyB4muAMWozBB4ig/dtWAmsMxLEI8wuz+DYQ==",
      "deprecated": true
    },
    "marked@11.2.0": {
      "integrity": "sha512-HR0m3bvu0jAPYiIvLUUQtdg1g6D247//lvcekpHO1WMvbwDlwSkZAX9Lw4F4YHE1T0HaaNve0tuAWuV1UJ6vtw==",
      "bin": true
    },
    "nanoid@5.1.16": {
      "integrity": "sha512-kVrnsrJqMR8+oLJnGEmSWw9BivK5mt7H3FZatVRjrc5wGqFYuBxX1yG7+A7Gi5AefkX6t/oCkizcQgpu0cY1dQ==",
      "bin": true
    },
    "node-domexception@1.0.0": {
      "integrity": "sha512-/jKZoMpw0F8GRwl4/eLROPA3cfcXtLApP0QzLmUT/HuPCZWyB7IY9ZrMeKw2O/nFIqPQB3PVM9aYm0F312AXDQ==",
      "deprecated": true
    },
    "node-fetch@3.3.2": {
      "integrity": "sha512-dRB78srN/l6gqWulah9SrxeYnxeddIG30+GOqK/9OlLVyLg3HPnr6SqOWTWOXKRwC2eGYCkZ59NNuSgvSrpgOA==",
      "dependencies": [
        "data-uri-to-buffer",
        "fetch-blob",
        "formdata-polyfill"
      ]
    },
    "parchment@3.0.0": {
      "integrity": "sha512-HUrJFQ/StvgmXRcQ1ftY6VEZUq3jA2t9ncFN4F84J/vN0/FPpQF+8FKXb3l6fLces6q0uOHj6NJn+2xvZnxO6A=="
    },
    "parse5@7.3.0": {
      "integrity": "sha512-IInvU7fabl34qmi9gY8XOVxhYyMyuH2xUNpb2q8/Y+7552KlejkRvqvD19nMoUW/uQGGbqNpA6Tufu5FL5BZgw==",
      "dependencies": [
        "entities"
      ]
    },
    "quill-delta@5.1.0": {
      "integrity": "sha512-X74oCeRI4/p0ucjb5Ma8adTXd9Scumz367kkMK5V/IatcX6A0vlgLgKbzXWy5nZmCGeNJm2oQX0d2Eqj+ZIlCA==",
      "dependencies": [
        "fast-diff",
        "lodash.clonedeep",
        "lodash.isequal"
      ]
    },
    "quill@2.0.3": {
      "integrity": "sha512-xEYQBqfYx/sfb33VJiKnSJp8ehloavImQ2A6564GAbqG55PGw1dAWUn1MUbQB62t0azawUS2CZZhWCjO8gRvTw==",
      "dependencies": [
        "eventemitter3",
        "lodash-es",
        "parchment",
        "quill-delta"
      ]
    },
    "tapable@2.3.3": {
      "integrity": "sha512-uxc/zpqFg6x7C8vOE7lh6Lbda8eEL9zmVm/PLeTPBRhh1xCgdWaQ+J1CUieGpIfm2HdtsUpRv+HshiasBMcc6A=="
    },
    "web-streams-polyfill@3.3.3": {
      "integrity": "sha512-d2JWLCivmZYTSIoge9MsgFCZrt571BikcWGYkjC1khllbTeDlGqZ2D8vD8E/lJa8WGWbb7Plm8/XJYV7IJHZZw=="
    }
  },
  "workspace": {
    "dependencies": [
      "jsr:@hono/hono@^4.13.3",
      "npm:@awesome.me/webawesome@^3.12.0",
      "npm:@types/webscreens-window-placement@*",
      "npm:@types/webscreens-window-placement@~0.1.3",
      "npm:quill@^2.0.3"
    ]
  }
}
